
Microsoft Visual Studio Solution File, Format Version 12.00
# Visual Studio Version 16
VisualStudioVersion = 16.0.31729.503
MinimumVisualStudioVersion = 10.0.40219.1
Project("{9A19103F-16F7-4668-BE54-9A1E7A4F7556}") = "com.atomiklabs.multitool", "com.atomiklabs.multitool\com.atomiklabs.multitool.csproj", "{BBBB2DEC-407B-47EA-84F2-5756A9FE4CD6}"
EndProject
Project("{FAE04EC0-301F-11D3-BF4B-00C04F79EFBC}") = "com.atomiklabs.multitoolTests", "com.atomiklabs.multitoolTests\com.atomiklabs.multitoolTests.csproj", "{D162330F-4653-4D5C-89B8-75DD773F9A33}"
EndProject
Global
	GlobalSection(SolutionConfigurationPlatforms) = preSolution
		Debug|Any CPU = Debug|Any CPU
		Release|Any CPU = Release|Any CPU
	EndGlobalSection
	GlobalSection(ProjectConfigurationPlatforms) = postSolution
		{BBBB2DEC-407B-47EA-84F2-5756A9FE4CD6}.Debug|Any CPU.ActiveCfg = Debug|Any CPU
		{BBBB2DEC-407B-47EA-84F2-5756A9FE4CD6}.Debug|Any CPU.Build.0 = Debug|Any CPU
		{BBBB2DEC-407B-47EA-84F2-5756A9FE4CD6}.Release|Any CPU.ActiveCfg = Release|Any CPU
		{BBBB2DEC-407B-47EA-84F2-5756A9FE4CD6}.Release|Any CPU.Build.0 = Release|Any CPU
		{D162330F-4653-4D5C-89B8-75DD773F9A33}.Debug|Any CPU.ActiveCfg = Debug|Any CPU
		{D162330F-4653-4D5C-89B8-75DD773F9A33}.Debug|Any CPU.Build.0 = Debug|Any CPU
		{D162330F-4653-4D5C-89B8-75DD773F9A33}.Release|Any CPU.ActiveCfg = Release|Any CPU
		{D162330F-4653-4D5C-89B8-75DD773F9A33}.Release|Any CPU.Build.0 = Release|Any CPU
	EndGlobalSection
	GlobalSection(SolutionProperties) = preSolution
		HideSolutionNode = FALSE
	EndGlobalSection
	GlobalSection(ExtensibilityGlobals) = postSolution
		SolutionGuid = {6FECC7CE-CC12-48A2-A11A-2FF69F3AF293}
	EndGlobalSection
EndGlobal
